
Microsoft Visual Studio Solution File, Format Version 12.00
# Visual Studio 2012
Project("{FAE04EC0-301F-11D3-BF4B-00C04F79EFBC}") = "BLLandDAL", "BLLandDAL\BLLandDAL.csproj", "{2F6C1732-A4F0-4655-A5AB-A758E9A3DA6E}"
EndProject
Project("{FAE04EC0-301F-11D3-BF4B-00C04F79EFBC}") = "MvcApplication", "MvcApplication\MvcApplication.csproj", "{451534E2-16B7-437D-9640-1B4232936DAA}"
EndProject
Project("{FAE04EC0-301F-11D3-BF4B-00C04F79EFBC}") = "WindowsFormsApplication", "WindowsFormsApplication\WindowsFormsApplication.csproj", "{81EFAD22-EFC4-4FED-89BA-0260506A306B}"
EndProject
Global
	GlobalSection(SolutionConfigurationPlatforms) = preSolution
		Debug|Any CPU = Debug|Any CPU
		Debug|Mixed Platforms = Debug|Mixed Platforms
		Debug|x86 = Debug|x86
		Release|Any CPU = Release|Any CPU
		Release|Mixed Platforms = Release|Mixed Platforms
		Release|x86 = Release|x86
	EndGlobalSection
	GlobalSection(ProjectConfigurationPlatforms) = postSolution
		{2F6C1732-A4F0-4655-A5AB-A758E9A3DA6E}.Debug|Any CPU.ActiveCfg = Debug|Any CPU
		{2F6C1732-A4F0-4655-A5AB-A758E9A3DA6E}.Debug|Any CPU.Build.0 = Debug|Any CPU
		{2F6C1732-A4F0-4655-A5AB-A758E9A3DA6E}.Debug|Mixed Platforms.ActiveCfg = Debug|Any CPU
		{2F6C1732-A4F0-4655-A5AB-A758E9A3DA6E}.Debug|Mixed Platforms.Build.0 = Debug|Any CPU
		{2F6C1732-A4F0-4655-A5AB-A758E9A3DA6E}.Debug|x86.ActiveCfg = Debug|Any CPU
		{2F6C1732-A4F0-4655-A5AB-A758E9A3DA6E}.Release|Any CPU.ActiveCfg = Release|Any CPU
		{2F6C1732-A4F0-4655-A5AB-A758E9A3DA6E}.Release|Any CPU.Build.0 = Release|Any CPU
		{2F6C1732-A4F0-4655-A5AB-A758E9A3DA6E}.Release|Mixed Platforms.ActiveCfg = Release|Any CPU
		{2F6C1732-A4F0-4655-A5AB-A758E9A3DA6E}.Release|Mixed Platforms.Build.0 = Release|Any CPU
		{2F6C1732-A4F0-4655-A5AB-A758E9A3DA6E}.Release|x86.ActiveCfg = Release|Any CPU
		{451534E2-16B7-437D-9640-1B4232936DAA}.Debug|Any CPU.ActiveCfg = Debug|Any CPU
		{451534E2-16B7-437D-9640-1B4232936DAA}.Debug|Any CPU.Build.0 = Debug|Any CPU
		{451534E2-16B7-437D-9640-1B4232936DAA}.Debug|Mixed Platforms.ActiveCfg = Debug|Any CPU
		{451534E2-16B7-437D-9640-1B4232936DAA}.Debug|Mixed Platforms.Build.0 = Debug|Any CPU
		{451534E2-16B7-437D-9640-1B4232936DAA}.Debug|x86.ActiveCfg = Debug|Any CPU
		{451534E2-16B7-437D-9640-1B4232936DAA}.Release|Any CPU.ActiveCfg = Release|Any CPU
		{451534E2-16B7-437D-9640-1B4232936DAA}.Release|Any CPU.Build.0 = Release|Any CPU
		{451534E2-16B7-437D-9640-1B4232936DAA}.Release|Mixed Platforms.ActiveCfg = Release|Any CPU
		{451534E2-16B7-437D-9640-1B4232936DAA}.Release|Mixed Platforms.Build.0 = Release|Any CPU
		{451534E2-16B7-437D-9640-1B4232936DAA}.Release|x86.ActiveCfg = Release|Any CPU
		{81EFAD22-EFC4-4FED-89BA-0260506A306B}.Debug|Any CPU.ActiveCfg = Debug|x86
		{81EFAD22-EFC4-4FED-89BA-0260506A306B}.Debug|Mixed Platforms.ActiveCfg = Debug|x86
		{81EFAD22-EFC4-4FED-89BA-0260506A306B}.Debug|Mixed Platforms.Build.0 = Debug|x86
		{81EFAD22-EFC4-4FED-89BA-0260506A306B}.Debug|x86.ActiveCfg = Debug|x86
		{81EFAD22-EFC4-4FED-89BA-0260506A306B}.Debug|x86.Build.0 = Debug|x86
		{81EFAD22-EFC4-4FED-89BA-0260506A306B}.Release|Any CPU.ActiveCfg = Release|x86
		{81EFAD22-EFC4-4FED-89BA-0260506A306B}.Release|Mixed Platforms.ActiveCfg = Release|x86
		{81EFAD22-EFC4-4FED-89BA-0260506A306B}.Release|Mixed Platforms.Build.0 = Release|x86
		{81EFAD22-EFC4-4FED-89BA-0260506A306B}.Release|x86.ActiveCfg = Release|x86
		{81EFAD22-EFC4-4FED-89BA-0260506A306B}.Release|x86.Build.0 = Release|x86
	EndGlobalSection
	GlobalSection(SolutionProperties) = preSolution
		HideSolutionNode = FALSE
	EndGlobalSection
EndGlobal
