
Microsoft Visual Studio Solution File, Format Version 12.00
# Visual Studio 2013
VisualStudioVersion = 12.0.30501.0
MinimumVisualStudioVersion = 10.0.40219.1
Project("{FAE04EC0-301F-11D3-BF4B-00C04F79EFBC}") = "ConnectDatabase", "ConnectDatabase\ConnectDatabase.csproj", "{544C5923-581C-483F-8018-E40684BCB110}"
EndProject
Project("{FAE04EC0-301F-11D3-BF4B-00C04F79EFBC}") = "Repository", "Repository\Repository.csproj", "{B7CE141C-8B77-4CFE-8D59-94AD64B34144}"
EndProject
Project("{FAE04EC0-301F-11D3-BF4B-00C04F79EFBC}") = "ShowData", "ShowData\ShowData.csproj", "{98DEDDF1-BC70-4660-90F3-5DFC5AD57CA5}"
EndProject
Global
	GlobalSection(SolutionConfigurationPlatforms) = preSolution
		Debug|Any CPU = Debug|Any CPU
		Release|Any CPU = Release|Any CPU
	EndGlobalSection
	GlobalSection(ProjectConfigurationPlatforms) = postSolution
		{544C5923-581C-483F-8018-E40684BCB110}.Debug|Any CPU.ActiveCfg = Debug|Any CPU
		{544C5923-581C-483F-8018-E40684BCB110}.Debug|Any CPU.Build.0 = Debug|Any CPU
		{544C5923-581C-483F-8018-E40684BCB110}.Release|Any CPU.ActiveCfg = Release|Any CPU
		{544C5923-581C-483F-8018-E40684BCB110}.Release|Any CPU.Build.0 = Release|Any CPU
		{B7CE141C-8B77-4CFE-8D59-94AD64B34144}.Debug|Any CPU.ActiveCfg = Debug|Any CPU
		{B7CE141C-8B77-4CFE-8D59-94AD64B34144}.Debug|Any CPU.Build.0 = Debug|Any CPU
		{B7CE141C-8B77-4CFE-8D59-94AD64B34144}.Release|Any CPU.ActiveCfg = Release|Any CPU
		{B7CE141C-8B77-4CFE-8D59-94AD64B34144}.Release|Any CPU.Build.0 = Release|Any CPU
		{98DEDDF1-BC70-4660-90F3-5DFC5AD57CA5}.Debug|Any CPU.ActiveCfg = Debug|Any CPU
		{98DEDDF1-BC70-4660-90F3-5DFC5AD57CA5}.Debug|Any CPU.Build.0 = Debug|Any CPU
		{98DEDDF1-BC70-4660-90F3-5DFC5AD57CA5}.Release|Any CPU.ActiveCfg = Release|Any CPU
		{98DEDDF1-BC70-4660-90F3-5DFC5AD57CA5}.Release|Any CPU.Build.0 = Release|Any CPU
	EndGlobalSection
	GlobalSection(SolutionProperties) = preSolution
		HideSolutionNode = FALSE
	EndGlobalSection
EndGlobal
